
Microsoft Visual Studio Solution File, Format Version 12.00
# Visual Studio Version 17
VisualStudioVersion = 17.11.35312.102
MinimumVisualStudioVersion = 10.0.40219.1
Project("{9A19103F-16F7-4668-BE54-9A1E7A4F7556}") = "Videoteca DSW _GRUPO3", "Videoteca DSW _GRUPO3\Videoteca DSW _GRUPO3.csproj", "{E7D40AB6-92E2-4BD1-B634-D90AD6E2A366}"
EndProject
Global
	GlobalSection(SolutionConfigurationPlatforms) = preSolution
		Debug|Any CPU = Debug|Any CPU
		Release|Any CPU = Release|Any CPU
	EndGlobalSection
	GlobalSection(ProjectConfigurationPlatforms) = postSolution
		{E7D40AB6-92E2-4BD1-B634-D90AD6E2A366}.Debug|Any CPU.ActiveCfg = Debug|Any CPU
		{E7D40AB6-92E2-4BD1-B634-D90AD6E2A366}.Debug|Any CPU.Build.0 = Debug|Any CPU
		{E7D40AB6-92E2-4BD1-B634-D90AD6E2A366}.Release|Any CPU.ActiveCfg = Release|Any CPU
		{E7D40AB6-92E2-4BD1-B634-D90AD6E2A366}.Release|Any CPU.Build.0 = Release|Any CPU
	EndGlobalSection
	GlobalSection(SolutionProperties) = preSolution
		HideSolutionNode = FALSE
	EndGlobalSection
	GlobalSection(ExtensibilityGlobals) = postSolution
		SolutionGuid = {29BCB6D0-B7DA-46DE-9BB6-221700AA163E}
	EndGlobalSection
EndGlobal
